// !$*UTF8*$!
{
	archiveVersion = 1;
	classes = {
	};
	objectVersion = 56;
	objects = {

/* Begin PBXBuildFile section */
		0BF5AC9C2AC2E47500FF7B41 /* View.swift in Sources */ = {isa = PBXBuildFile; fileRef = 0BF5AC982AC2E46F00FF7B41 /* View.swift */; };
		0BF5AC9D2AC2E47500FF7B41 /* Label.swift in Sources */ = {isa = PBXBuildFile; fileRef = 0BF5AC992AC2E47000FF7B41 /* Label.swift */; };
		0BF5AC9E2AC2E47500FF7B41 /* Fonts.swift in Sources */ = {isa = PBXBuildFile; fileRef = 0BF5AC9A2AC2E47400FF7B41 /* Fonts.swift */; };
		0BF5AC9F2AC2E47500FF7B41 /* CustomColor.swift in Sources */ = {isa = PBXBuildFile; fileRef = 0BF5AC9B2AC2E47500FF7B41 /* CustomColor.swift */; };
		0BF5ACA32AC2E4B400FF7B41 /* CategoryNameCell.swift in Sources */ = {isa = PBXBuildFile; fileRef = 0BF5ACA02AC2E4AC00FF7B41 /* CategoryNameCell.swift */; };
		0BF5ACA42AC2E4B400FF7B41 /* CategoryCell.swift in Sources */ = {isa = PBXBuildFile; fileRef = 0BF5ACA12AC2E4AF00FF7B41 /* CategoryCell.swift */; };
		0BF5ACAB2AC2EA7D00FF7B41 /* PodcastCell.swift in Sources */ = {isa = PBXBuildFile; fileRef = 0BF5ACAA2AC2EA7D00FF7B41 /* PodcastCell.swift */; };
		0BF5ACAD2AC30A3300FF7B41 /* MainProfileView.swift in Sources */ = {isa = PBXBuildFile; fileRef = 0BF5ACAC2AC30A3300FF7B41 /* MainProfileView.swift */; };
		0BF5ACAF2AC3116900FF7B41 /* MainSeeAllView.swift in Sources */ = {isa = PBXBuildFile; fileRef = 0BF5ACAE2AC3116900FF7B41 /* MainSeeAllView.swift */; };
		0BF5ACB02AC323E600FF7B41 /* Manrope-Regular.ttf in Resources */ = {isa = PBXBuildFile; fileRef = 0BF5ACA82AC2E5DC00FF7B41 /* Manrope-Regular.ttf */; };
		0BF5ACB12AC323E600FF7B41 /* Manrope-ExtraBold.ttf in Resources */ = {isa = PBXBuildFile; fileRef = 0BF5ACA72AC2E5D300FF7B41 /* Manrope-ExtraBold.ttf */; };
		0BF5ACB22AC323E600FF7B41 /* Manrope-Bold.ttf in Resources */ = {isa = PBXBuildFile; fileRef = 0BF5ACA62AC2E5C800FF7B41 /* Manrope-Bold.ttf */; };
		0BF5ACB52AC45B6C00FF7B41 /* AppCategoryModel.swift in Sources */ = {isa = PBXBuildFile; fileRef = 0BF5ACB42AC45B6C00FF7B41 /* AppCategoryModel.swift */; };
		0BF5ACB82AC4A5B600FF7B41 /* AllCategoriesController.swift in Sources */ = {isa = PBXBuildFile; fileRef = 0BF5ACB72AC4A5B600FF7B41 /* AllCategoriesController.swift */; };
		0BF5ACBB2AC5582C00FF7B41 /* FetchImage.swift in Sources */ = {isa = PBXBuildFile; fileRef = 0BF5ACBA2AC5582C00FF7B41 /* FetchImage.swift */; };
		2F74AD932AC52A3500727DC6 /* ButtonView.swift in Sources */ = {isa = PBXBuildFile; fileRef = 2F74AD912AC52A3400727DC6 /* ButtonView.swift */; };
		2F74AD942AC52A3500727DC6 /* UserView.swift in Sources */ = {isa = PBXBuildFile; fileRef = 2F74AD922AC52A3400727DC6 /* UserView.swift */; };
		2F74AD962AC52A5B00727DC6 /* ProfileSettingsButton.swift in Sources */ = {isa = PBXBuildFile; fileRef = 2F74AD952AC52A5B00727DC6 /* ProfileSettingsButton.swift */; };
		2F74AD982AC52B4500727DC6 /* AccountSettingsViewController.swift in Sources */ = {isa = PBXBuildFile; fileRef = 2F74AD972AC52B4500727DC6 /* AccountSettingsViewController.swift */; };
		2F74AD9C2AC52B6700727DC6 /* AvatarView.swift in Sources */ = {isa = PBXBuildFile; fileRef = 2F74AD9B2AC52B6700727DC6 /* AvatarView.swift */; };
		2F74ADA02AC5689200727DC6 /* ProfileInfo.swift in Sources */ = {isa = PBXBuildFile; fileRef = 2F74AD9F2AC5689200727DC6 /* ProfileInfo.swift */; };
		A59C543D2AC1F945003E6B89 /* AppDelegate.swift in Sources */ = {isa = PBXBuildFile; fileRef = A59C543C2AC1F945003E6B89 /* AppDelegate.swift */; };
		A59C543F2AC1F945003E6B89 /* SceneDelegate.swift in Sources */ = {isa = PBXBuildFile; fileRef = A59C543E2AC1F945003E6B89 /* SceneDelegate.swift */; };
		A59C54462AC1F947003E6B89 /* Assets.xcassets in Resources */ = {isa = PBXBuildFile; fileRef = A59C54452AC1F947003E6B89 /* Assets.xcassets */; };
		A59C54492AC1F947003E6B89 /* LaunchScreen.storyboard in Resources */ = {isa = PBXBuildFile; fileRef = A59C54472AC1F947003E6B89 /* LaunchScreen.storyboard */; };
		A59C54692AC1FBFA003E6B89 /* CustomView.swift in Sources */ = {isa = PBXBuildFile; fileRef = A59C54682AC1FBFA003E6B89 /* CustomView.swift */; };
		A59C546B2AC1FC09003E6B89 /* CustomViewController.swift in Sources */ = {isa = PBXBuildFile; fileRef = A59C546A2AC1FC09003E6B89 /* CustomViewController.swift */; };
		A59C546D2AC1FC31003E6B89 /* CustomTabbarController.swift in Sources */ = {isa = PBXBuildFile; fileRef = A59C546C2AC1FC31003E6B89 /* CustomTabbarController.swift */; };
		A59C546F2AC1FC54003E6B89 /* MainViewController.swift in Sources */ = {isa = PBXBuildFile; fileRef = A59C546E2AC1FC54003E6B89 /* MainViewController.swift */; };
		A59C54712AC1FC5F003E6B89 /* MainCollectionView.swift in Sources */ = {isa = PBXBuildFile; fileRef = A59C54702AC1FC5F003E6B89 /* MainCollectionView.swift */; };
		A59C54732AC1FC6F003E6B89 /* SearchView.swift in Sources */ = {isa = PBXBuildFile; fileRef = A59C54722AC1FC6F003E6B89 /* SearchView.swift */; };
		A59C54752AC1FC80003E6B89 /* SearchViewController.swift in Sources */ = {isa = PBXBuildFile; fileRef = A59C54742AC1FC80003E6B89 /* SearchViewController.swift */; };
		A59C54772AC1FC8F003E6B89 /* FavoritesView.swift in Sources */ = {isa = PBXBuildFile; fileRef = A59C54762AC1FC8F003E6B89 /* FavoritesView.swift */; };
		A59C54792AC1FCA3003E6B89 /* FavoritesViewController.swift in Sources */ = {isa = PBXBuildFile; fileRef = A59C54782AC1FCA3003E6B89 /* FavoritesViewController.swift */; };
		A59C547B2AC1FCB0003E6B89 /* ProfileView.swift in Sources */ = {isa = PBXBuildFile; fileRef = A59C547A2AC1FCB0003E6B89 /* ProfileView.swift */; };
		A59C547D2AC1FCBE003E6B89 /* ProfileViewController.swift in Sources */ = {isa = PBXBuildFile; fileRef = A59C547C2AC1FCBE003E6B89 /* ProfileViewController.swift */; };
		A59C54972AC34A77003E6B89 /* SnapKit in Frameworks */ = {isa = PBXBuildFile; productRef = A59C54962AC34A77003E6B89 /* SnapKit */; };
		A59C549A2AC34D48003E6B89 /* Realm in Frameworks */ = {isa = PBXBuildFile; productRef = A59C54992AC34D48003E6B89 /* Realm */; };
		A59C549C2AC34D48003E6B89 /* RealmSwift in Frameworks */ = {isa = PBXBuildFile; productRef = A59C549B2AC34D48003E6B89 /* RealmSwift */; };
		A59C549F2AC34D85003E6B89 /* FirebaseAuth in Frameworks */ = {isa = PBXBuildFile; productRef = A59C549E2AC34D85003E6B89 /* FirebaseAuth */; };
		A59C54A12AC34D85003E6B89 /* FirebaseFirestore in Frameworks */ = {isa = PBXBuildFile; productRef = A59C54A02AC34D85003E6B89 /* FirebaseFirestore */; };
		A59C54A32AC34D85003E6B89 /* FirebaseFirestoreSwift in Frameworks */ = {isa = PBXBuildFile; productRef = A59C54A22AC34D85003E6B89 /* FirebaseFirestoreSwift */; };
		A59C54A52AC34D85003E6B89 /* FirebaseStorage in Frameworks */ = {isa = PBXBuildFile; productRef = A59C54A42AC34D85003E6B89 /* FirebaseStorage */; };
		A59C54A82AC34D9B003E6B89 /* IQKeyboardManagerSwift in Frameworks */ = {isa = PBXBuildFile; productRef = A59C54A72AC34D9B003E6B89 /* IQKeyboardManagerSwift */; };
		A59C54AB2AC34DAE003E6B89 /* GoogleSignIn in Frameworks */ = {isa = PBXBuildFile; productRef = A59C54AA2AC34DAE003E6B89 /* GoogleSignIn */; };
		A59C54AD2AC34DAE003E6B89 /* GoogleSignInSwift in Frameworks */ = {isa = PBXBuildFile; productRef = A59C54AC2AC34DAE003E6B89 /* GoogleSignInSwift */; };
		A59C54B02AC34E3D003E6B89 /* PodcastIndexKit in Frameworks */ = {isa = PBXBuildFile; productRef = A59C54AF2AC34E3D003E6B89 /* PodcastIndexKit */; };
		A59C54B22AC49D84003E6B89 /* LoginViewController.swift in Sources */ = {isa = PBXBuildFile; fileRef = A59C54B12AC49D84003E6B89 /* LoginViewController.swift */; };
		A59C54B42AC49DA7003E6B89 /* LoginView.swift in Sources */ = {isa = PBXBuildFile; fileRef = A59C54B32AC49DA7003E6B89 /* LoginView.swift */; };
		A59C54B62AC49DFF003E6B89 /* OnboardingView.swift in Sources */ = {isa = PBXBuildFile; fileRef = A59C54B52AC49DFF003E6B89 /* OnboardingView.swift */; };
		A59C54B82AC49E22003E6B89 /* OnboardingViewController.swift in Sources */ = {isa = PBXBuildFile; fileRef = A59C54B72AC49E22003E6B89 /* OnboardingViewController.swift */; };
		A59C54BA2AC4A157003E6B89 /* FavoriteManager.swift in Sources */ = {isa = PBXBuildFile; fileRef = A59C54B92AC4A157003E6B89 /* FavoriteManager.swift */; };
		A59C54BC2AC4A248003E6B89 /* ValidationManager.swift in Sources */ = {isa = PBXBuildFile; fileRef = A59C54BB2AC4A248003E6B89 /* ValidationManager.swift */; };
		A59C54BE2AC4B20C003E6B89 /* AlertManager.swift in Sources */ = {isa = PBXBuildFile; fileRef = A59C54BD2AC4B20C003E6B89 /* AlertManager.swift */; };
/* End PBXBuildFile section */

/* Begin PBXFileReference section */
		0BF5AC982AC2E46F00FF7B41 /* View.swift */ = {isa = PBXFileReference; fileEncoding = 4; lastKnownFileType = sourcecode.swift; path = View.swift; sourceTree = "<group>"; };
		0BF5AC992AC2E47000FF7B41 /* Label.swift */ = {isa = PBXFileReference; fileEncoding = 4; lastKnownFileType = sourcecode.swift; path = Label.swift; sourceTree = "<group>"; };
		0BF5AC9A2AC2E47400FF7B41 /* Fonts.swift */ = {isa = PBXFileReference; fileEncoding = 4; lastKnownFileType = sourcecode.swift; path = Fonts.swift; sourceTree = "<group>"; };
		0BF5AC9B2AC2E47500FF7B41 /* CustomColor.swift */ = {isa = PBXFileReference; fileEncoding = 4; lastKnownFileType = sourcecode.swift; path = CustomColor.swift; sourceTree = "<group>"; };
		0BF5ACA02AC2E4AC00FF7B41 /* CategoryNameCell.swift */ = {isa = PBXFileReference; fileEncoding = 4; lastKnownFileType = sourcecode.swift; path = CategoryNameCell.swift; sourceTree = "<group>"; };
		0BF5ACA12AC2E4AF00FF7B41 /* CategoryCell.swift */ = {isa = PBXFileReference; fileEncoding = 4; lastKnownFileType = sourcecode.swift; path = CategoryCell.swift; sourceTree = "<group>"; };
		0BF5ACA62AC2E5C800FF7B41 /* Manrope-Bold.ttf */ = {isa = PBXFileReference; lastKnownFileType = file; path = "Manrope-Bold.ttf"; sourceTree = "<group>"; };
		0BF5ACA72AC2E5D300FF7B41 /* Manrope-ExtraBold.ttf */ = {isa = PBXFileReference; lastKnownFileType = file; path = "Manrope-ExtraBold.ttf"; sourceTree = "<group>"; };
		0BF5ACA82AC2E5DC00FF7B41 /* Manrope-Regular.ttf */ = {isa = PBXFileReference; lastKnownFileType = file; path = "Manrope-Regular.ttf"; sourceTree = "<group>"; };
		0BF5ACAA2AC2EA7D00FF7B41 /* PodcastCell.swift */ = {isa = PBXFileReference; fileEncoding = 4; lastKnownFileType = sourcecode.swift; path = PodcastCell.swift; sourceTree = "<group>"; };
		0BF5ACAC2AC30A3300FF7B41 /* MainProfileView.swift */ = {isa = PBXFileReference; lastKnownFileType = sourcecode.swift; path = MainProfileView.swift; sourceTree = "<group>"; };
		0BF5ACAE2AC3116900FF7B41 /* MainSeeAllView.swift */ = {isa = PBXFileReference; lastKnownFileType = sourcecode.swift; path = MainSeeAllView.swift; sourceTree = "<group>"; };
		0BF5ACB42AC45B6C00FF7B41 /* AppCategoryModel.swift */ = {isa = PBXFileReference; lastKnownFileType = sourcecode.swift; path = AppCategoryModel.swift; sourceTree = "<group>"; };
		0BF5ACB72AC4A5B600FF7B41 /* AllCategoriesController.swift */ = {isa = PBXFileReference; lastKnownFileType = sourcecode.swift; path = AllCategoriesController.swift; sourceTree = "<group>"; };
		0BF5ACBA2AC5582C00FF7B41 /* FetchImage.swift */ = {isa = PBXFileReference; lastKnownFileType = sourcecode.swift; path = FetchImage.swift; sourceTree = "<group>"; };
		2F74AD912AC52A3400727DC6 /* ButtonView.swift */ = {isa = PBXFileReference; fileEncoding = 4; lastKnownFileType = sourcecode.swift; path = ButtonView.swift; sourceTree = "<group>"; };
		2F74AD922AC52A3400727DC6 /* UserView.swift */ = {isa = PBXFileReference; fileEncoding = 4; lastKnownFileType = sourcecode.swift; path = UserView.swift; sourceTree = "<group>"; };
		2F74AD952AC52A5B00727DC6 /* ProfileSettingsButton.swift */ = {isa = PBXFileReference; fileEncoding = 4; lastKnownFileType = sourcecode.swift; path = ProfileSettingsButton.swift; sourceTree = "<group>"; };
		2F74AD972AC52B4500727DC6 /* AccountSettingsViewController.swift */ = {isa = PBXFileReference; fileEncoding = 4; lastKnownFileType = sourcecode.swift; path = AccountSettingsViewController.swift; sourceTree = "<group>"; };
		2F74AD9B2AC52B6700727DC6 /* AvatarView.swift */ = {isa = PBXFileReference; fileEncoding = 4; lastKnownFileType = sourcecode.swift; path = AvatarView.swift; sourceTree = "<group>"; };
		2F74AD9F2AC5689200727DC6 /* ProfileInfo.swift */ = {isa = PBXFileReference; lastKnownFileType = sourcecode.swift; path = ProfileInfo.swift; sourceTree = "<group>"; };
		A59C54392AC1F945003E6B89 /* PodcastApp.app */ = {isa = PBXFileReference; explicitFileType = wrapper.application; includeInIndex = 0; path = PodcastApp.app; sourceTree = BUILT_PRODUCTS_DIR; };
		A59C543C2AC1F945003E6B89 /* AppDelegate.swift */ = {isa = PBXFileReference; lastKnownFileType = sourcecode.swift; path = AppDelegate.swift; sourceTree = "<group>"; };
		A59C543E2AC1F945003E6B89 /* SceneDelegate.swift */ = {isa = PBXFileReference; lastKnownFileType = sourcecode.swift; path = SceneDelegate.swift; sourceTree = "<group>"; };
		A59C54452AC1F947003E6B89 /* Assets.xcassets */ = {isa = PBXFileReference; lastKnownFileType = folder.assetcatalog; path = Assets.xcassets; sourceTree = "<group>"; };
		A59C54482AC1F947003E6B89 /* Base */ = {isa = PBXFileReference; lastKnownFileType = file.storyboard; name = Base; path = Base.lproj/LaunchScreen.storyboard; sourceTree = "<group>"; };
		A59C544A2AC1F947003E6B89 /* Info.plist */ = {isa = PBXFileReference; lastKnownFileType = text.plist.xml; path = Info.plist; sourceTree = "<group>"; };
		A59C54682AC1FBFA003E6B89 /* CustomView.swift */ = {isa = PBXFileReference; lastKnownFileType = sourcecode.swift; path = CustomView.swift; sourceTree = "<group>"; };
		A59C546A2AC1FC09003E6B89 /* CustomViewController.swift */ = {isa = PBXFileReference; lastKnownFileType = sourcecode.swift; path = CustomViewController.swift; sourceTree = "<group>"; };
		A59C546C2AC1FC31003E6B89 /* CustomTabbarController.swift */ = {isa = PBXFileReference; lastKnownFileType = sourcecode.swift; path = CustomTabbarController.swift; sourceTree = "<group>"; };
		A59C546E2AC1FC54003E6B89 /* MainViewController.swift */ = {isa = PBXFileReference; lastKnownFileType = sourcecode.swift; path = MainViewController.swift; sourceTree = "<group>"; };
		A59C54702AC1FC5F003E6B89 /* MainCollectionView.swift */ = {isa = PBXFileReference; lastKnownFileType = sourcecode.swift; path = MainCollectionView.swift; sourceTree = "<group>"; };
		A59C54722AC1FC6F003E6B89 /* SearchView.swift */ = {isa = PBXFileReference; lastKnownFileType = sourcecode.swift; path = SearchView.swift; sourceTree = "<group>"; };
		A59C54742AC1FC80003E6B89 /* SearchViewController.swift */ = {isa = PBXFileReference; lastKnownFileType = sourcecode.swift; path = SearchViewController.swift; sourceTree = "<group>"; };
		A59C54762AC1FC8F003E6B89 /* FavoritesView.swift */ = {isa = PBXFileReference; lastKnownFileType = sourcecode.swift; path = FavoritesView.swift; sourceTree = "<group>"; };
		A59C54782AC1FCA3003E6B89 /* FavoritesViewController.swift */ = {isa = PBXFileReference; lastKnownFileType = sourcecode.swift; path = FavoritesViewController.swift; sourceTree = "<group>"; };
		A59C547A2AC1FCB0003E6B89 /* ProfileView.swift */ = {isa = PBXFileReference; lastKnownFileType = sourcecode.swift; path = ProfileView.swift; sourceTree = "<group>"; };
		A59C547C2AC1FCBE003E6B89 /* ProfileViewController.swift */ = {isa = PBXFileReference; lastKnownFileType = sourcecode.swift; path = ProfileViewController.swift; sourceTree = "<group>"; };
		A59C54B12AC49D84003E6B89 /* LoginViewController.swift */ = {isa = PBXFileReference; lastKnownFileType = sourcecode.swift; path = LoginViewController.swift; sourceTree = "<group>"; };
		A59C54B32AC49DA7003E6B89 /* LoginView.swift */ = {isa = PBXFileReference; lastKnownFileType = sourcecode.swift; path = LoginView.swift; sourceTree = "<group>"; };
		A59C54B52AC49DFF003E6B89 /* OnboardingView.swift */ = {isa = PBXFileReference; lastKnownFileType = sourcecode.swift; path = OnboardingView.swift; sourceTree = "<group>"; };
		A59C54B72AC49E22003E6B89 /* OnboardingViewController.swift */ = {isa = PBXFileReference; lastKnownFileType = sourcecode.swift; path = OnboardingViewController.swift; sourceTree = "<group>"; };
		A59C54B92AC4A157003E6B89 /* FavoriteManager.swift */ = {isa = PBXFileReference; lastKnownFileType = sourcecode.swift; path = FavoriteManager.swift; sourceTree = "<group>"; };
		A59C54BB2AC4A248003E6B89 /* ValidationManager.swift */ = {isa = PBXFileReference; lastKnownFileType = sourcecode.swift; path = ValidationManager.swift; sourceTree = "<group>"; };
		A59C54BD2AC4B20C003E6B89 /* AlertManager.swift */ = {isa = PBXFileReference; lastKnownFileType = sourcecode.swift; path = AlertManager.swift; sourceTree = "<group>"; };
/* End PBXFileReference section */

/* Begin PBXFrameworksBuildPhase section */
		A59C54362AC1F945003E6B89 /* Frameworks */ = {
			isa = PBXFrameworksBuildPhase;
			buildActionMask = 2147483647;
			files = (
				A59C549C2AC34D48003E6B89 /* RealmSwift in Frameworks */,
				A59C54A82AC34D9B003E6B89 /* IQKeyboardManagerSwift in Frameworks */,
				A59C54B02AC34E3D003E6B89 /* PodcastIndexKit in Frameworks */,
				A59C549A2AC34D48003E6B89 /* Realm in Frameworks */,
				A59C54972AC34A77003E6B89 /* SnapKit in Frameworks */,
				A59C54A12AC34D85003E6B89 /* FirebaseFirestore in Frameworks */,
				A59C54AD2AC34DAE003E6B89 /* GoogleSignInSwift in Frameworks */,
				A59C54A52AC34D85003E6B89 /* FirebaseStorage in Frameworks */,
				A59C549F2AC34D85003E6B89 /* FirebaseAuth in Frameworks */,
				A59C54A32AC34D85003E6B89 /* FirebaseFirestoreSwift in Frameworks */,
				A59C54AB2AC34DAE003E6B89 /* GoogleSignIn in Frameworks */,
			);
			runOnlyForDeploymentPostprocessing = 0;
		};
/* End PBXFrameworksBuildPhase section */

/* Begin PBXGroup section */
		0BF5ACA92AC2E65900FF7B41 /* Cell */ = {
			isa = PBXGroup;
			children = (
				0BF5ACA12AC2E4AF00FF7B41 /* CategoryCell.swift */,
				0BF5ACA02AC2E4AC00FF7B41 /* CategoryNameCell.swift */,
				0BF5ACAA2AC2EA7D00FF7B41 /* PodcastCell.swift */,
			);
			path = Cell;
			sourceTree = "<group>";
		};
		0BF5ACB32AC45B5500FF7B41 /* Model */ = {
			isa = PBXGroup;
			children = (
				0BF5ACB42AC45B6C00FF7B41 /* AppCategoryModel.swift */,
			);
			path = Model;
			sourceTree = "<group>";
		};
		0BF5ACB62AC4A56400FF7B41 /* AllCategoriesController */ = {
			isa = PBXGroup;
			children = (
				0BF5ACB92AC4A5DE00FF7B41 /* Controller */,
			);
			path = AllCategoriesController;
			sourceTree = "<group>";
		};
		0BF5ACB92AC4A5DE00FF7B41 /* Controller */ = {
			isa = PBXGroup;
			children = (
				0BF5ACB72AC4A5B600FF7B41 /* AllCategoriesController.swift */,
			);
			name = Controller;
			path = "../AllCategoresController/New Group";
			sourceTree = "<group>";
		};
		2F74AD9D2AC5574500727DC6 /* AccountSettings */ = {
			isa = PBXGroup;
			children = (
				2F74AD9B2AC52B6700727DC6 /* AvatarView.swift */,
				2F74AD9F2AC5689200727DC6 /* ProfileInfo.swift */,
			);
			path = AccountSettings;
			sourceTree = "<group>";
		};
		2F74AD9E2AC5576A00727DC6 /* ProfileView */ = {
			isa = PBXGroup;
			children = (
				A59C547A2AC1FCB0003E6B89 /* ProfileView.swift */,
				2F74AD912AC52A3400727DC6 /* ButtonView.swift */,
				2F74AD922AC52A3400727DC6 /* UserView.swift */,
				2F74AD952AC52A5B00727DC6 /* ProfileSettingsButton.swift */,
			);
			path = ProfileView;
			sourceTree = "<group>";
		};
		A59C54302AC1F945003E6B89 = {
			isa = PBXGroup;
			children = (
				A59C543B2AC1F945003E6B89 /* PodcastApp */,
				A59C543A2AC1F945003E6B89 /* Products */,
			);
			sourceTree = "<group>";
		};
		A59C543A2AC1F945003E6B89 /* Products */ = {
			isa = PBXGroup;
			children = (
				A59C54392AC1F945003E6B89 /* PodcastApp.app */,
			);
			name = Products;
			sourceTree = "<group>";
		};
		A59C543B2AC1F945003E6B89 /* PodcastApp */ = {
			isa = PBXGroup;
			children = (
				A59C54542AC1FA6D003E6B89 /* Controllers */,
				A59C54532AC1FA61003E6B89 /* Services */,
				A59C54522AC1FA42003E6B89 /* Extensions */,
				A59C54512AC1F9C7003E6B89 /* Resources */,
				A59C54502AC1F98D003E6B89 /* App */,
			);
			path = PodcastApp;
			sourceTree = "<group>";
		};
		A59C54502AC1F98D003E6B89 /* App */ = {
			isa = PBXGroup;
			children = (
				A59C543C2AC1F945003E6B89 /* AppDelegate.swift */,
				A59C543E2AC1F945003E6B89 /* SceneDelegate.swift */,
			);
			path = App;
			sourceTree = "<group>";
		};
		A59C54512AC1F9C7003E6B89 /* Resources */ = {
			isa = PBXGroup;
			children = (
				0BF5ACA82AC2E5DC00FF7B41 /* Manrope-Regular.ttf */,
				0BF5ACA72AC2E5D300FF7B41 /* Manrope-ExtraBold.ttf */,
				0BF5ACA62AC2E5C800FF7B41 /* Manrope-Bold.ttf */,
				A59C54452AC1F947003E6B89 /* Assets.xcassets */,
				A59C54472AC1F947003E6B89 /* LaunchScreen.storyboard */,
				A59C544A2AC1F947003E6B89 /* Info.plist */,
			);
			path = Resources;
			sourceTree = "<group>";
		};
		A59C54522AC1FA42003E6B89 /* Extensions */ = {
			isa = PBXGroup;
			children = (
				0BF5AC9B2AC2E47500FF7B41 /* CustomColor.swift */,
				0BF5AC9A2AC2E47400FF7B41 /* Fonts.swift */,
				0BF5AC992AC2E47000FF7B41 /* Label.swift */,
				0BF5AC982AC2E46F00FF7B41 /* View.swift */,
				A59C54682AC1FBFA003E6B89 /* CustomView.swift */,
				A59C546A2AC1FC09003E6B89 /* CustomViewController.swift */,
			);
			path = Extensions;
			sourceTree = "<group>";
		};
		A59C54532AC1FA61003E6B89 /* Services */ = {
			isa = PBXGroup;
			children = (
				A59C54B92AC4A157003E6B89 /* FavoriteManager.swift */,
				A59C54BB2AC4A248003E6B89 /* ValidationManager.swift */,
				A59C54BD2AC4B20C003E6B89 /* AlertManager.swift */,
				0BF5ACBA2AC5582C00FF7B41 /* FetchImage.swift */,
			);
			path = Services;
			sourceTree = "<group>";
		};
		A59C54542AC1FA6D003E6B89 /* Controllers */ = {
			isa = PBXGroup;
			children = (
				A59C545B2AC1FB48003E6B89 /* ProfileController */,
				A59C545A2AC1FB1C003E6B89 /* FavoritesController */,
				A59C54592AC1FAFE003E6B89 /* SearchController */,
				A59C54582AC1FABC003E6B89 /* MainController */,
				0BF5ACB62AC4A56400FF7B41 /* AllCategoriesController */,
				A59C54572AC1FAA6003E6B89 /* LoginController */,
				A59C54562AC1FA9B003E6B89 /* Onboarding */,
				A59C54552AC1FA82003E6B89 /* CustomTabBarController */,
			);
			path = Controllers;
			sourceTree = "<group>";
		};
		A59C54552AC1FA82003E6B89 /* CustomTabBarController */ = {
			isa = PBXGroup;
			children = (
				A59C546C2AC1FC31003E6B89 /* CustomTabbarController.swift */,
			);
			path = CustomTabBarController;
			sourceTree = "<group>";
		};
		A59C54562AC1FA9B003E6B89 /* Onboarding */ = {
			isa = PBXGroup;
			children = (
				A59C54672AC1FBD1003E6B89 /* Controller */,
				A59C54662AC1FBCB003E6B89 /* View */,
			);
			path = Onboarding;
			sourceTree = "<group>";
		};
		A59C54572AC1FAA6003E6B89 /* LoginController */ = {
			isa = PBXGroup;
			children = (
				A59C54652AC1FBBD003E6B89 /* Controller */,
				A59C54642AC1FBB7003E6B89 /* View */,
			);
			path = LoginController;
			sourceTree = "<group>";
		};
		A59C54582AC1FABC003E6B89 /* MainController */ = {
			isa = PBXGroup;
			children = (
				0BF5ACB32AC45B5500FF7B41 /* Model */,
				A59C54622AC1FB9D003E6B89 /* View */,
				A59C54632AC1FBA9003E6B89 /* Controller */,
			);
			path = MainController;
			sourceTree = "<group>";
		};
		A59C54592AC1FAFE003E6B89 /* SearchController */ = {
			isa = PBXGroup;
			children = (
				A59C54612AC1FB8D003E6B89 /* Controller */,
				A59C54602AC1FB87003E6B89 /* View */,
			);
			path = SearchController;
			sourceTree = "<group>";
		};
		A59C545A2AC1FB1C003E6B89 /* FavoritesController */ = {
			isa = PBXGroup;
			children = (
				A59C545F2AC1FB7C003E6B89 /* Controller */,
				A59C545E2AC1FB77003E6B89 /* View */,
			);
			path = FavoritesController;
			sourceTree = "<group>";
		};
		A59C545B2AC1FB48003E6B89 /* ProfileController */ = {
			isa = PBXGroup;
			children = (
				A59C545D2AC1FB6C003E6B89 /* Controller */,
				A59C545C2AC1FB60003E6B89 /* View */,
			);
			path = ProfileController;
			sourceTree = "<group>";
		};
		A59C545C2AC1FB60003E6B89 /* View */ = {
			isa = PBXGroup;
			children = (
				2F74AD9D2AC5574500727DC6 /* AccountSettings */,
				2F74AD9E2AC5576A00727DC6 /* ProfileView */,
			);
			path = View;
			sourceTree = "<group>";
		};
		A59C545D2AC1FB6C003E6B89 /* Controller */ = {
			isa = PBXGroup;
			children = (
				A59C547C2AC1FCBE003E6B89 /* ProfileViewController.swift */,
				2F74AD972AC52B4500727DC6 /* AccountSettingsViewController.swift */,
			);
			path = Controller;
			sourceTree = "<group>";
		};
		A59C545E2AC1FB77003E6B89 /* View */ = {
			isa = PBXGroup;
			children = (
				A59C54762AC1FC8F003E6B89 /* FavoritesView.swift */,
			);
			path = View;
			sourceTree = "<group>";
		};
		A59C545F2AC1FB7C003E6B89 /* Controller */ = {
			isa = PBXGroup;
			children = (
				A59C54782AC1FCA3003E6B89 /* FavoritesViewController.swift */,
			);
			path = Controller;
			sourceTree = "<group>";
		};
		A59C54602AC1FB87003E6B89 /* View */ = {
			isa = PBXGroup;
			children = (
				A59C54722AC1FC6F003E6B89 /* SearchView.swift */,
			);
			path = View;
			sourceTree = "<group>";
		};
		A59C54612AC1FB8D003E6B89 /* Controller */ = {
			isa = PBXGroup;
			children = (
				A59C54742AC1FC80003E6B89 /* SearchViewController.swift */,
			);
			path = Controller;
			sourceTree = "<group>";
		};
		A59C54622AC1FB9D003E6B89 /* View */ = {
			isa = PBXGroup;
			children = (
				0BF5ACAC2AC30A3300FF7B41 /* MainProfileView.swift */,
				0BF5ACAE2AC3116900FF7B41 /* MainSeeAllView.swift */,
				A59C54702AC1FC5F003E6B89 /* MainCollectionView.swift */,
				0BF5ACA92AC2E65900FF7B41 /* Cell */,
			);
			path = View;
			sourceTree = "<group>";
		};
		A59C54632AC1FBA9003E6B89 /* Controller */ = {
			isa = PBXGroup;
			children = (
				A59C546E2AC1FC54003E6B89 /* MainViewController.swift */,
			);
			path = Controller;
			sourceTree = "<group>";
		};
		A59C54642AC1FBB7003E6B89 /* View */ = {
			isa = PBXGroup;
			children = (
				A59C54B32AC49DA7003E6B89 /* LoginView.swift */,
			);
			path = View;
			sourceTree = "<group>";
		};
		A59C54652AC1FBBD003E6B89 /* Controller */ = {
			isa = PBXGroup;
			children = (
				A59C54B12AC49D84003E6B89 /* LoginViewController.swift */,
			);
			path = Controller;
			sourceTree = "<group>";
		};
		A59C54662AC1FBCB003E6B89 /* View */ = {
			isa = PBXGroup;
			children = (
				A59C54B52AC49DFF003E6B89 /* OnboardingView.swift */,
			);
			path = View;
			sourceTree = "<group>";
		};
		A59C54672AC1FBD1003E6B89 /* Controller */ = {
			isa = PBXGroup;
			children = (
				A59C54B72AC49E22003E6B89 /* OnboardingViewController.swift */,
			);
			path = Controller;
			sourceTree = "<group>";
		};
/* End PBXGroup section */

/* Begin PBXNativeTarget section */
		A59C54382AC1F945003E6B89 /* PodcastApp */ = {
			isa = PBXNativeTarget;
			buildConfigurationList = A59C544D2AC1F947003E6B89 /* Build configuration list for PBXNativeTarget "PodcastApp" */;
			buildPhases = (
				A59C54352AC1F945003E6B89 /* Sources */,
				A59C54362AC1F945003E6B89 /* Frameworks */,
				A59C54372AC1F945003E6B89 /* Resources */,
			);
			buildRules = (
			);
			dependencies = (
			);
			name = PodcastApp;
			packageProductDependencies = (
				A59C54962AC34A77003E6B89 /* SnapKit */,
				A59C54992AC34D48003E6B89 /* Realm */,
				A59C549B2AC34D48003E6B89 /* RealmSwift */,
				A59C549E2AC34D85003E6B89 /* FirebaseAuth */,
				A59C54A02AC34D85003E6B89 /* FirebaseFirestore */,
				A59C54A22AC34D85003E6B89 /* FirebaseFirestoreSwift */,
				A59C54A42AC34D85003E6B89 /* FirebaseStorage */,
				A59C54A72AC34D9B003E6B89 /* IQKeyboardManagerSwift */,
				A59C54AA2AC34DAE003E6B89 /* GoogleSignIn */,
				A59C54AC2AC34DAE003E6B89 /* GoogleSignInSwift */,
				A59C54AF2AC34E3D003E6B89 /* PodcastIndexKit */,
			);
			productName = PodcastApp;
			productReference = A59C54392AC1F945003E6B89 /* PodcastApp.app */;
			productType = "com.apple.product-type.application";
		};
/* End PBXNativeTarget section */

/* Begin PBXProject section */
		A59C54312AC1F945003E6B89 /* Project object */ = {
			isa = PBXProject;
			attributes = {
				BuildIndependentTargetsInParallel = 1;
				LastSwiftUpdateCheck = 1430;
				LastUpgradeCheck = 1430;
				TargetAttributes = {
					A59C54382AC1F945003E6B89 = {
						CreatedOnToolsVersion = 14.3.1;
					};
				};
			};
			buildConfigurationList = A59C54342AC1F945003E6B89 /* Build configuration list for PBXProject "PodcastApp" */;
			compatibilityVersion = "Xcode 14.0";
			developmentRegion = en;
			hasScannedForEncodings = 0;
			knownRegions = (
				en,
				Base,
			);
			mainGroup = A59C54302AC1F945003E6B89;
			packageReferences = (
				A59C54952AC34A77003E6B89 /* XCRemoteSwiftPackageReference "SnapKit" */,
				A59C54982AC34D48003E6B89 /* XCRemoteSwiftPackageReference "realm-swift" */,
				A59C549D2AC34D85003E6B89 /* XCRemoteSwiftPackageReference "firebase-ios-sdk" */,
				A59C54A62AC34D9B003E6B89 /* XCRemoteSwiftPackageReference "IQKeyboardManager" */,
				A59C54A92AC34DAE003E6B89 /* XCRemoteSwiftPackageReference "GoogleSignIn-iOS" */,
				A59C54AE2AC34E3D003E6B89 /* XCRemoteSwiftPackageReference "PodcastIndexKit" */,
			);
			productRefGroup = A59C543A2AC1F945003E6B89 /* Products */;
			projectDirPath = "";
			projectRoot = "";
			targets = (
				A59C54382AC1F945003E6B89 /* PodcastApp */,
			);
		};
/* End PBXProject section */

/* Begin PBXResourcesBuildPhase section */
		A59C54372AC1F945003E6B89 /* Resources */ = {
			isa = PBXResourcesBuildPhase;
			buildActionMask = 2147483647;
			files = (
				0BF5ACB02AC323E600FF7B41 /* Manrope-Regular.ttf in Resources */,
				0BF5ACB12AC323E600FF7B41 /* Manrope-ExtraBold.ttf in Resources */,
				0BF5ACB22AC323E600FF7B41 /* Manrope-Bold.ttf in Resources */,
				A59C54492AC1F947003E6B89 /* LaunchScreen.storyboard in Resources */,
				A59C54462AC1F947003E6B89 /* Assets.xcassets in Resources */,
			);
			runOnlyForDeploymentPostprocessing = 0;
		};
/* End PBXResourcesBuildPhase section */

/* Begin PBXSourcesBuildPhase section */
		A59C54352AC1F945003E6B89 /* Sources */ = {
			isa = PBXSourcesBuildPhase;
			buildActionMask = 2147483647;
			files = (
				0BF5ACA32AC2E4B400FF7B41 /* CategoryNameCell.swift in Sources */,
				0BF5ACA42AC2E4B400FF7B41 /* CategoryCell.swift in Sources */,
				2F74AD932AC52A3500727DC6 /* ButtonView.swift in Sources */,
				0BF5AC9E2AC2E47500FF7B41 /* Fonts.swift in Sources */,
				A59C54BA2AC4A157003E6B89 /* FavoriteManager.swift in Sources */,
				A59C54B22AC49D84003E6B89 /* LoginViewController.swift in Sources */,
				A59C54772AC1FC8F003E6B89 /* FavoritesView.swift in Sources */,
				0BF5AC9F2AC2E47500FF7B41 /* CustomColor.swift in Sources */,
				A59C54B42AC49DA7003E6B89 /* LoginView.swift in Sources */,
				A59C546D2AC1FC31003E6B89 /* CustomTabbarController.swift in Sources */,
				A59C54712AC1FC5F003E6B89 /* MainCollectionView.swift in Sources */,
				A59C54692AC1FBFA003E6B89 /* CustomView.swift in Sources */,
				2F74AD982AC52B4500727DC6 /* AccountSettingsViewController.swift in Sources */,
				A59C547B2AC1FCB0003E6B89 /* ProfileView.swift in Sources */,
				A59C54752AC1FC80003E6B89 /* SearchViewController.swift in Sources */,
				0BF5ACB52AC45B6C00FF7B41 /* AppCategoryModel.swift in Sources */,
				0BF5ACB82AC4A5B600FF7B41 /* AllCategoriesController.swift in Sources */,
				A59C543D2AC1F945003E6B89 /* AppDelegate.swift in Sources */,
				A59C54B82AC49E22003E6B89 /* OnboardingViewController.swift in Sources */,
				A59C54792AC1FCA3003E6B89 /* FavoritesViewController.swift in Sources */,
				0BF5ACAB2AC2EA7D00FF7B41 /* PodcastCell.swift in Sources */,
				0BF5AC9D2AC2E47500FF7B41 /* Label.swift in Sources */,
				A59C54732AC1FC6F003E6B89 /* SearchView.swift in Sources */,
				2F74AD942AC52A3500727DC6 /* UserView.swift in Sources */,
				A59C546F2AC1FC54003E6B89 /* MainViewController.swift in Sources */,
				2F74AD9C2AC52B6700727DC6 /* AvatarView.swift in Sources */,
				A59C54BC2AC4A248003E6B89 /* ValidationManager.swift in Sources */,
				A59C54B62AC49DFF003E6B89 /* OnboardingView.swift in Sources */,
				0BF5ACBB2AC5582C00FF7B41 /* FetchImage.swift in Sources */,
				0BF5ACAF2AC3116900FF7B41 /* MainSeeAllView.swift in Sources */,
				A59C54BE2AC4B20C003E6B89 /* AlertManager.swift in Sources */,
				2F74AD962AC52A5B00727DC6 /* ProfileSettingsButton.swift in Sources */,
				A59C547D2AC1FCBE003E6B89 /* ProfileViewController.swift in Sources */,
				A59C543F2AC1F945003E6B89 /* SceneDelegate.swift in Sources */,
				0BF5AC9C2AC2E47500FF7B41 /* View.swift in Sources */,
				A59C546B2AC1FC09003E6B89 /* CustomViewController.swift in Sources */,
				2F74ADA02AC5689200727DC6 /* ProfileInfo.swift in Sources */,
				0BF5ACAD2AC30A3300FF7B41 /* MainProfileView.swift in Sources */,
			);
			runOnlyForDeploymentPostprocessing = 0;
		};
/* End PBXSourcesBuildPhase section */

/* Begin PBXVariantGroup section */
		A59C54472AC1F947003E6B89 /* LaunchScreen.storyboard */ = {
			isa = PBXVariantGroup;
			children = (
				A59C54482AC1F947003E6B89 /* Base */,
			);
			name = LaunchScreen.storyboard;
			sourceTree = "<group>";
		};
/* End PBXVariantGroup section */

/* Begin XCBuildConfiguration section */
		A59C544B2AC1F947003E6B89 /* Debug */ = {
			isa = XCBuildConfiguration;
			buildSettings = {
				ALWAYS_SEARCH_USER_PATHS = NO;
				CLANG_ANALYZER_NONNULL = YES;
				CLANG_ANALYZER_NUMBER_OBJECT_CONVERSION = YES_AGGRESSIVE;
				CLANG_CXX_LANGUAGE_STANDARD = "gnu++20";
				CLANG_ENABLE_MODULES = YES;
				CLANG_ENABLE_OBJC_ARC = YES;
				CLANG_ENABLE_OBJC_WEAK = YES;
				CLANG_WARN_BLOCK_CAPTURE_AUTORELEASING = YES;
				CLANG_WARN_BOOL_CONVERSION = YES;
				CLANG_WARN_COMMA = YES;
				CLANG_WARN_CONSTANT_CONVERSION = YES;
				CLANG_WARN_DEPRECATED_OBJC_IMPLEMENTATIONS = YES;
				CLANG_WARN_DIRECT_OBJC_ISA_USAGE = YES_ERROR;
				CLANG_WARN_DOCUMENTATION_COMMENTS = YES;
				CLANG_WARN_EMPTY_BODY = YES;
				CLANG_WARN_ENUM_CONVERSION = YES;
				CLANG_WARN_INFINITE_RECURSION = YES;
				CLANG_WARN_INT_CONVERSION = YES;
				CLANG_WARN_NON_LITERAL_NULL_CONVERSION = YES;
				CLANG_WARN_OBJC_IMPLICIT_RETAIN_SELF = YES;
				CLANG_WARN_OBJC_LITERAL_CONVERSION = YES;
				CLANG_WARN_OBJC_ROOT_CLASS = YES_ERROR;
				CLANG_WARN_QUOTED_INCLUDE_IN_FRAMEWORK_HEADER = YES;
				CLANG_WARN_RANGE_LOOP_ANALYSIS = YES;
				CLANG_WARN_STRICT_PROTOTYPES = YES;
				CLANG_WARN_SUSPICIOUS_MOVE = YES;
				CLANG_WARN_UNGUARDED_AVAILABILITY = YES_AGGRESSIVE;
				CLANG_WARN_UNREACHABLE_CODE = YES;
				CLANG_WARN__DUPLICATE_METHOD_MATCH = YES;
				COPY_PHASE_STRIP = NO;
				DEBUG_INFORMATION_FORMAT = dwarf;
				ENABLE_STRICT_OBJC_MSGSEND = YES;
				ENABLE_TESTABILITY = YES;
				GCC_C_LANGUAGE_STANDARD = gnu11;
				GCC_DYNAMIC_NO_PIC = NO;
				GCC_NO_COMMON_BLOCKS = YES;
				GCC_OPTIMIZATION_LEVEL = 0;
				GCC_PREPROCESSOR_DEFINITIONS = (
					"DEBUG=1",
					"$(inherited)",
				);
				GCC_WARN_64_TO_32_BIT_CONVERSION = YES;
				GCC_WARN_ABOUT_RETURN_TYPE = YES_ERROR;
				GCC_WARN_UNDECLARED_SELECTOR = YES;
				GCC_WARN_UNINITIALIZED_AUTOS = YES_AGGRESSIVE;
				GCC_WARN_UNUSED_FUNCTION = YES;
				GCC_WARN_UNUSED_VARIABLE = YES;
				IPHONEOS_DEPLOYMENT_TARGET = 16.4;
				MTL_ENABLE_DEBUG_INFO = INCLUDE_SOURCE;
				MTL_FAST_MATH = YES;
				ONLY_ACTIVE_ARCH = YES;
				SDKROOT = iphoneos;
				SWIFT_ACTIVE_COMPILATION_CONDITIONS = DEBUG;
				SWIFT_OPTIMIZATION_LEVEL = "-Onone";
			};
			name = Debug;
		};
		A59C544C2AC1F947003E6B89 /* Release */ = {
			isa = XCBuildConfiguration;
			buildSettings = {
				ALWAYS_SEARCH_USER_PATHS = NO;
				CLANG_ANALYZER_NONNULL = YES;
				CLANG_ANALYZER_NUMBER_OBJECT_CONVERSION = YES_AGGRESSIVE;
				CLANG_CXX_LANGUAGE_STANDARD = "gnu++20";
				CLANG_ENABLE_MODULES = YES;
				CLANG_ENABLE_OBJC_ARC = YES;
				CLANG_ENABLE_OBJC_WEAK = YES;
				CLANG_WARN_BLOCK_CAPTURE_AUTORELEASING = YES;
				CLANG_WARN_BOOL_CONVERSION = YES;
				CLANG_WARN_COMMA = YES;
				CLANG_WARN_CONSTANT_CONVERSION = YES;
				CLANG_WARN_DEPRECATED_OBJC_IMPLEMENTATIONS = YES;
				CLANG_WARN_DIRECT_OBJC_ISA_USAGE = YES_ERROR;
				CLANG_WARN_DOCUMENTATION_COMMENTS = YES;
				CLANG_WARN_EMPTY_BODY = YES;
				CLANG_WARN_ENUM_CONVERSION = YES;
				CLANG_WARN_INFINITE_RECURSION = YES;
				CLANG_WARN_INT_CONVERSION = YES;
				CLANG_WARN_NON_LITERAL_NULL_CONVERSION = YES;
				CLANG_WARN_OBJC_IMPLICIT_RETAIN_SELF = YES;
				CLANG_WARN_OBJC_LITERAL_CONVERSION = YES;
				CLANG_WARN_OBJC_ROOT_CLASS = YES_ERROR;
				CLANG_WARN_QUOTED_INCLUDE_IN_FRAMEWORK_HEADER = YES;
				CLANG_WARN_RANGE_LOOP_ANALYSIS = YES;
				CLANG_WARN_STRICT_PROTOTYPES = YES;
				CLANG_WARN_SUSPICIOUS_MOVE = YES;
				CLANG_WARN_UNGUARDED_AVAILABILITY = YES_AGGRESSIVE;
				CLANG_WARN_UNREACHABLE_CODE = YES;
				CLANG_WARN__DUPLICATE_METHOD_MATCH = YES;
				COPY_PHASE_STRIP = NO;
				DEBUG_INFORMATION_FORMAT = "dwarf-with-dsym";
				ENABLE_NS_ASSERTIONS = NO;
				ENABLE_STRICT_OBJC_MSGSEND = YES;
				GCC_C_LANGUAGE_STANDARD = gnu11;
				GCC_NO_COMMON_BLOCKS = YES;
				GCC_WARN_64_TO_32_BIT_CONVERSION = YES;
				GCC_WARN_ABOUT_RETURN_TYPE = YES_ERROR;
				GCC_WARN_UNDECLARED_SELECTOR = YES;
				GCC_WARN_UNINITIALIZED_AUTOS = YES_AGGRESSIVE;
				GCC_WARN_UNUSED_FUNCTION = YES;
				GCC_WARN_UNUSED_VARIABLE = YES;
				IPHONEOS_DEPLOYMENT_TARGET = 16.4;
				MTL_ENABLE_DEBUG_INFO = NO;
				MTL_FAST_MATH = YES;
				SDKROOT = iphoneos;
				SWIFT_COMPILATION_MODE = wholemodule;
				SWIFT_OPTIMIZATION_LEVEL = "-O";
				VALIDATE_PRODUCT = YES;
			};
			name = Release;
		};
		A59C544E2AC1F947003E6B89 /* Debug */ = {
			isa = XCBuildConfiguration;
			buildSettings = {
				ASSETCATALOG_COMPILER_APPICON_NAME = AppIcon;
				ASSETCATALOG_COMPILER_GLOBAL_ACCENT_COLOR_NAME = AccentColor;
				CODE_SIGN_STYLE = Automatic;
				CURRENT_PROJECT_VERSION = 1;
				DEVELOPMENT_TEAM = TWQL7PLAUC;
				GENERATE_INFOPLIST_FILE = YES;
				INFOPLIST_FILE = PodcastApp/Resources/Info.plist;
				INFOPLIST_KEY_LSApplicationCategoryType = "public.app-category.music";
				INFOPLIST_KEY_UIApplicationSupportsIndirectInputEvents = YES;
				INFOPLIST_KEY_UILaunchStoryboardName = LaunchScreen;
				INFOPLIST_KEY_UISupportedInterfaceOrientations = UIInterfaceOrientationPortrait;
				INFOPLIST_KEY_UISupportedInterfaceOrientations_iPad = "UIInterfaceOrientationLandscapeLeft UIInterfaceOrientationLandscapeRight UIInterfaceOrientationPortrait UIInterfaceOrientationPortraitUpsideDown";
				IPHONEOS_DEPLOYMENT_TARGET = 15.0;
				LD_RUNPATH_SEARCH_PATHS = (
					"$(inherited)",
					"@executable_path/Frameworks",
				);
				MARKETING_VERSION = 1.0;
				PRODUCT_BUNDLE_IDENTIFIER = "zvontsov-adadigital.ru.PodcastApp";
				PRODUCT_NAME = "$(TARGET_NAME)";
				SUPPORTED_PLATFORMS = "iphoneos iphonesimulator";
				SUPPORTS_MACCATALYST = NO;
				SUPPORTS_MAC_DESIGNED_FOR_IPHONE_IPAD = NO;
				SWIFT_EMIT_LOC_STRINGS = YES;
				SWIFT_VERSION = 5.0;
				TARGETED_DEVICE_FAMILY = 1;
			};
			name = Debug;
		};
		A59C544F2AC1F947003E6B89 /* Release */ = {
			isa = XCBuildConfiguration;
			buildSettings = {
				ASSETCATALOG_COMPILER_APPICON_NAME = AppIcon;
				ASSETCATALOG_COMPILER_GLOBAL_ACCENT_COLOR_NAME = AccentColor;
				CODE_SIGN_STYLE = Automatic;
				CURRENT_PROJECT_VERSION = 1;
				DEVELOPMENT_TEAM = TWQL7PLAUC;
				GENERATE_INFOPLIST_FILE = YES;
				INFOPLIST_FILE = PodcastApp/Resources/Info.plist;
				INFOPLIST_KEY_LSApplicationCategoryType = "public.app-category.music";
				INFOPLIST_KEY_UIApplicationSupportsIndirectInputEvents = YES;
				INFOPLIST_KEY_UILaunchStoryboardName = LaunchScreen;
				INFOPLIST_KEY_UISupportedInterfaceOrientations = UIInterfaceOrientationPortrait;
				INFOPLIST_KEY_UISupportedInterfaceOrientations_iPad = "UIInterfaceOrientationLandscapeLeft UIInterfaceOrientationLandscapeRight UIInterfaceOrientationPortrait UIInterfaceOrientationPortraitUpsideDown";
				IPHONEOS_DEPLOYMENT_TARGET = 15.0;
				LD_RUNPATH_SEARCH_PATHS = (
					"$(inherited)",
					"@executable_path/Frameworks",
				);
				MARKETING_VERSION = 1.0;
				PRODUCT_BUNDLE_IDENTIFIER = "zvontsov-adadigital.ru.PodcastApp";
				PRODUCT_NAME = "$(TARGET_NAME)";
				SUPPORTED_PLATFORMS = "iphoneos iphonesimulator";
				SUPPORTS_MACCATALYST = NO;
				SUPPORTS_MAC_DESIGNED_FOR_IPHONE_IPAD = NO;
				SWIFT_EMIT_LOC_STRINGS = YES;
				SWIFT_VERSION = 5.0;
				TARGETED_DEVICE_FAMILY = 1;
			};
			name = Release;
		};
/* End XCBuildConfiguration section */

/* Begin XCConfigurationList section */
		A59C54342AC1F945003E6B89 /* Build configuration list for PBXProject "PodcastApp" */ = {
			isa = XCConfigurationList;
			buildConfigurations = (
				A59C544B2AC1F947003E6B89 /* Debug */,
				A59C544C2AC1F947003E6B89 /* Release */,
			);
			defaultConfigurationIsVisible = 0;
			defaultConfigurationName = Release;
		};
		A59C544D2AC1F947003E6B89 /* Build configuration list for PBXNativeTarget "PodcastApp" */ = {
			isa = XCConfigurationList;
			buildConfigurations = (
				A59C544E2AC1F947003E6B89 /* Debug */,
				A59C544F2AC1F947003E6B89 /* Release */,
			);
			defaultConfigurationIsVisible = 0;
			defaultConfigurationName = Release;
		};
/* End XCConfigurationList section */

/* Begin XCRemoteSwiftPackageReference section */
		A59C54952AC34A77003E6B89 /* XCRemoteSwiftPackageReference "SnapKit" */ = {
			isa = XCRemoteSwiftPackageReference;
			repositoryURL = "https://github.com/SnapKit/SnapKit.git";
			requirement = {
				kind = upToNextMajorVersion;
				minimumVersion = 5.0.0;
			};
		};
		A59C54982AC34D48003E6B89 /* XCRemoteSwiftPackageReference "realm-swift" */ = {
			isa = XCRemoteSwiftPackageReference;
			repositoryURL = "https://github.com/realm/realm-swift";
			requirement = {
				branch = master;
				kind = branch;
			};
		};
		A59C549D2AC34D85003E6B89 /* XCRemoteSwiftPackageReference "firebase-ios-sdk" */ = {
			isa = XCRemoteSwiftPackageReference;
			repositoryURL = "https://github.com/firebase/firebase-ios-sdk.git";
			requirement = {
				kind = upToNextMajorVersion;
				minimumVersion = 10.0.0;
			};
		};
		A59C54A62AC34D9B003E6B89 /* XCRemoteSwiftPackageReference "IQKeyboardManager" */ = {
			isa = XCRemoteSwiftPackageReference;
			repositoryURL = "https://github.com/hackiftekhar/IQKeyboardManager.git";
			requirement = {
				kind = upToNextMajorVersion;
				minimumVersion = 6.0.0;
			};
		};
		A59C54A92AC34DAE003E6B89 /* XCRemoteSwiftPackageReference "GoogleSignIn-iOS" */ = {
			isa = XCRemoteSwiftPackageReference;
			repositoryURL = "https://github.com/google/GoogleSignIn-iOS";
			requirement = {
				kind = upToNextMajorVersion;
				minimumVersion = 7.0.0;
			};
		};
		A59C54AE2AC34E3D003E6B89 /* XCRemoteSwiftPackageReference "PodcastIndexKit" */ = {
			isa = XCRemoteSwiftPackageReference;
			repositoryURL = "https://github.com/SparrowTek/PodcastIndexKit";
			requirement = {
				kind = upToNextMajorVersion;
				minimumVersion = 0.1.1;
			};
		};
/* End XCRemoteSwiftPackageReference section */

/* Begin XCSwiftPackageProductDependency section */
		A59C54962AC34A77003E6B89 /* SnapKit */ = {
			isa = XCSwiftPackageProductDependency;
			package = A59C54952AC34A77003E6B89 /* XCRemoteSwiftPackageReference "SnapKit" */;
			productName = SnapKit;
		};
		A59C54992AC34D48003E6B89 /* Realm */ = {
			isa = XCSwiftPackageProductDependency;
			package = A59C54982AC34D48003E6B89 /* XCRemoteSwiftPackageReference "realm-swift" */;
			productName = Realm;
		};
		A59C549B2AC34D48003E6B89 /* RealmSwift */ = {
			isa = XCSwiftPackageProductDependency;
			package = A59C54982AC34D48003E6B89 /* XCRemoteSwiftPackageReference "realm-swift" */;
			productName = RealmSwift;
		};
		A59C549E2AC34D85003E6B89 /* FirebaseAuth */ = {
			isa = XCSwiftPackageProductDependency;
			package = A59C549D2AC34D85003E6B89 /* XCRemoteSwiftPackageReference "firebase-ios-sdk" */;
			productName = FirebaseAuth;
		};
		A59C54A02AC34D85003E6B89 /* FirebaseFirestore */ = {
			isa = XCSwiftPackageProductDependency;
			package = A59C549D2AC34D85003E6B89 /* XCRemoteSwiftPackageReference "firebase-ios-sdk" */;
			productName = FirebaseFirestore;
		};
		A59C54A22AC34D85003E6B89 /* FirebaseFirestoreSwift */ = {
			isa = XCSwiftPackageProductDependency;
			package = A59C549D2AC34D85003E6B89 /* XCRemoteSwiftPackageReference "firebase-ios-sdk" */;
			productName = FirebaseFirestoreSwift;
		};
		A59C54A42AC34D85003E6B89 /* FirebaseStorage */ = {
			isa = XCSwiftPackageProductDependency;
			package = A59C549D2AC34D85003E6B89 /* XCRemoteSwiftPackageReference "firebase-ios-sdk" */;
			productName = FirebaseStorage;
		};
		A59C54A72AC34D9B003E6B89 /* IQKeyboardManagerSwift */ = {
			isa = XCSwiftPackageProductDependency;
			package = A59C54A62AC34D9B003E6B89 /* XCRemoteSwiftPackageReference "IQKeyboardManager" */;
			productName = IQKeyboardManagerSwift;
		};
		A59C54AA2AC34DAE003E6B89 /* GoogleSignIn */ = {
			isa = XCSwiftPackageProductDependency;
			package = A59C54A92AC34DAE003E6B89 /* XCRemoteSwiftPackageReference "GoogleSignIn-iOS" */;
			productName = GoogleSignIn;
		};
		A59C54AC2AC34DAE003E6B89 /* GoogleSignInSwift */ = {
			isa = XCSwiftPackageProductDependency;
			package = A59C54A92AC34DAE003E6B89 /* XCRemoteSwiftPackageReference "GoogleSignIn-iOS" */;
			productName = GoogleSignInSwift;
		};
		A59C54AF2AC34E3D003E6B89 /* PodcastIndexKit */ = {
			isa = XCSwiftPackageProductDependency;
			package = A59C54AE2AC34E3D003E6B89 /* XCRemoteSwiftPackageReference "PodcastIndexKit" */;
			productName = PodcastIndexKit;
		};
/* End XCSwiftPackageProductDependency section */
	};
	rootObject = A59C54312AC1F945003E6B89 /* Project object */;
}
